
Microsoft Visual Studio Solution File, Format Version 12.00
# Visual Studio Version 17
VisualStudioVersion = 17.7.34031.279
MinimumVisualStudioVersion = 10.0.40219.1
Project("{FAE04EC0-301F-11D3-BF4B-00C04F79EFBC}") = "BenpilsBarcodeSystem", "BenpilsBarcodeSystem\BenpilsBarcodeSystem.csproj", "{310D014F-782D-4349-9860-0F2E17642351}"
EndProject
Global
	GlobalSection(SolutionConfigurationPlatforms) = preSolution
		Debug|Any CPU = Debug|Any CPU
		Release|Any CPU = Release|Any CPU
	EndGlobalSection
	GlobalSection(ProjectConfigurationPlatforms) = postSolution
		{310D014F-782D-4349-9860-0F2E17642351}.Debug|Any CPU.ActiveCfg = Debug|Any CPU
		{310D014F-782D-4349-9860-0F2E17642351}.Debug|Any CPU.Build.0 = Debug|Any CPU
		{310D014F-782D-4349-9860-0F2E17642351}.Release|Any CPU.ActiveCfg = Release|Any CPU
		{310D014F-782D-4349-9860-0F2E17642351}.Release|Any CPU.Build.0 = Release|Any CPU
	EndGlobalSection
	GlobalSection(SolutionProperties) = preSolution
		HideSolutionNode = FALSE
	EndGlobalSection
	GlobalSection(ExtensibilityGlobals) = postSolution
		SolutionGuid = {3D6DEDD3-CE1F-4A2F-98BB-72976D017C7F}
	EndGlobalSection
EndGlobal
